<?xml version="1.0" encoding="utf-8"?>
<Project ToolsVersion="4.0" xmlns="http://schemas.microsoft.com/developer/msbuild/2003">
  <ItemGroup>
    <Filter Include="Source Files">
      <UniqueIdentifier>{4FC737F1-C7A5-4376-A066-2A32D752A2FF}</UniqueIdentifier>
      <Extensions>cpp;c;cc;cxx;def;odl;idl;hpj;bat;asm;asmx</Extensions>
    </Filter>
    <Filter Include="Header Files">
      <UniqueIdentifier>{93995380-89BD-4b04-88EB-625FBE52EBFB}</UniqueIdentifier>
      <Extensions>h;hh;hpp;hxx;hm;inl;inc;xsd</Extensions>
    </Filter>
    <Filter Include="Resource Files">
      <UniqueIdentifier>{67DA6AB6-F800-4c08-8B7A-83BB121AAD01}</UniqueIdentifier>
      <Extensions>rc;ico;cur;bmp;dlg;rc2;rct;bin;rgs;gif;jpg;jpeg;jpe;resx;tiff;tif;png;wav;mfcribbon-ms</Extensions>
    </Filter>
    <Filter Include="Header Files\Library Layer">
      <UniqueIdentifier>{ddfb725c-da5d-4786-8dfc-1697a73587af}</UniqueIdentifier>
    </Filter>
    <Filter Include="Source Files\Library Layer">
      <UniqueIdentifier>{634d75f6-cd71-4413-898c-bf1a1d52a67b}</UniqueIdentifier>
    </Filter>
  </ItemGroup>
  <ItemGroup>
    <Text Include="ReadMe.txt" />
  </ItemGroup>
  <ItemGroup>
    <ClInclude Include="TelescopeControl.h">
      <Filter>Header Files</Filter>
    </ClInclude>
    <ClInclude Include="TelescopeControlDlg.h">
      <Filter>Header Files</Filter>
    </ClInclude>
    <ClInclude Include="stdafx.h">
      <Filter>Header Files</Filter>
    </ClInclude>
    <ClInclude Include="targetver.h">
      <Filter>Header Files</Filter>
    </ClInclude>
    <ClInclude Include="Resource.h">
      <Filter>Header Files</Filter>
    </ClInclude>
    <ClInclude Include="CChooser.h">
      <Filter>Header Files\Library Layer</Filter>
    </ClInclude>
    <ClInclude Include="CTelescopeV3.h">
      <Filter>Header Files\Library Layer</Filter>
    </ClInclude>
    <ClInclude Include="LIB_TCP.h">
      <Filter>Header Files\Library Layer</Filter>
    </ClInclude>
    <ClInclude Include="LIB_ASCOM_TCS.h">
      <Filter>Header Files\Library Layer</Filter>
    </ClInclude>
    <ClInclude Include="Socket.h">
      <Filter>Header Files</Filter>
    </ClInclude>
  </ItemGroup>
  <ItemGroup>
    <ClCompile Include="TelescopeControl.cpp">
      <Filter>Source Files</Filter>
    </ClCompile>
    <ClCompile Include="TelescopeControlDlg.cpp">
      <Filter>Source Files</Filter>
    </ClCompile>
    <ClCompile Include="stdafx.cpp">
      <Filter>Source Files</Filter>
    </ClCompile>
    <ClCompile Include="LIB_ASCOM_TCS.cpp">
      <Filter>Source Files\Library Layer</Filter>
    </ClCompile>
    <ClCompile Include="LIB_TCP.cpp">
      <Filter>Source Files\Library Layer</Filter>
    </ClCompile>
    <ClCompile Include="Socket.cpp">
      <Filter>Source Files</Filter>
    </ClCompile>
  </ItemGroup>
  <ItemGroup>
    <ResourceCompile Include="TelescopeControl.rc">
      <Filter>Resource Files</Filter>
    </ResourceCompile>
  </ItemGroup>
  <ItemGroup>
    <None Include="res\TelescopeControl.rc2">
      <Filter>Resource Files</Filter>
    </None>
  </ItemGroup>
  <ItemGroup>
    <Image Include="res\TelescopeControl.ico">
      <Filter>Resource Files</Filter>
    </Image>
  </ItemGroup>
</Project>